
Microsoft Visual Studio Solution File, Format Version 9.00
# Visual Studio 2005
Project("{8BC9CEB8-8B4A-11D0-8D11-00A0C91BC942}") = "glWin", "glWin.vcproj", "{7576421F-07EA-4A04-BAE0-B11D3FE40D33}"
EndProject
Global
	GlobalSection(SolutionConfigurationPlatforms) = preSolution
		Debug|Win32 = Debug|Win32
		Release|Win32 = Release|Win32
	EndGlobalSection
	GlobalSection(ProjectConfigurationPlatforms) = postSolution
		{7576421F-07EA-4A04-BAE0-B11D3FE40D33}.Debug|Win32.ActiveCfg = Debug|Win32
		{7576421F-07EA-4A04-BAE0-B11D3FE40D33}.Debug|Win32.Build.0 = Debug|Win32
		{7576421F-07EA-4A04-BAE0-B11D3FE40D33}.Release|Win32.ActiveCfg = Release|Win32
		{7576421F-07EA-4A04-BAE0-B11D3FE40D33}.Release|Win32.Build.0 = Release|Win32
	EndGlobalSection
	GlobalSection(SolutionProperties) = preSolution
		HideSolutionNode = FALSE
	EndGlobalSection
EndGlobal
